
Microsoft Visual Studio Solution File, Format Version 12.00
# Visual Studio 2012
Project("{FAE04EC0-301F-11D3-BF4B-00C04F79EFBC}") = "SharpPusher", "SharpPusher\SharpPusher.csproj", "{54BDB396-D6B0-4F30-B281-55DAC4999CAC}"
EndProject
Project("{FAE04EC0-301F-11D3-BF4B-00C04F79EFBC}") = "SharpPusherSample", "SharpPusherSample\SharpPusherSample.csproj", "{C975C7DE-95F6-4006-BB1C-5522FA3CAB6E}"
EndProject
Project("{FAE04EC0-301F-11D3-BF4B-00C04F79EFBC}") = "SharpPusherTests", "SharpPusherTests\SharpPusherTests.csproj", "{7471C0A4-1421-4B93-B42D-F9BAA4F2EE80}"
EndProject
Global
	GlobalSection(SolutionConfigurationPlatforms) = preSolution
		Debug|Any CPU = Debug|Any CPU
		Release|Any CPU = Release|Any CPU
	EndGlobalSection
	GlobalSection(ProjectConfigurationPlatforms) = postSolution
		{54BDB396-D6B0-4F30-B281-55DAC4999CAC}.Debug|Any CPU.ActiveCfg = Debug|Any CPU
		{54BDB396-D6B0-4F30-B281-55DAC4999CAC}.Debug|Any CPU.Build.0 = Debug|Any CPU
		{54BDB396-D6B0-4F30-B281-55DAC4999CAC}.Release|Any CPU.ActiveCfg = Release|Any CPU
		{54BDB396-D6B0-4F30-B281-55DAC4999CAC}.Release|Any CPU.Build.0 = Release|Any CPU
		{C975C7DE-95F6-4006-BB1C-5522FA3CAB6E}.Debug|Any CPU.ActiveCfg = Debug|Any CPU
		{C975C7DE-95F6-4006-BB1C-5522FA3CAB6E}.Debug|Any CPU.Build.0 = Debug|Any CPU
		{C975C7DE-95F6-4006-BB1C-5522FA3CAB6E}.Release|Any CPU.ActiveCfg = Release|Any CPU
		{C975C7DE-95F6-4006-BB1C-5522FA3CAB6E}.Release|Any CPU.Build.0 = Release|Any CPU
		{7471C0A4-1421-4B93-B42D-F9BAA4F2EE80}.Debug|Any CPU.ActiveCfg = Debug|Any CPU
		{7471C0A4-1421-4B93-B42D-F9BAA4F2EE80}.Debug|Any CPU.Build.0 = Debug|Any CPU
		{7471C0A4-1421-4B93-B42D-F9BAA4F2EE80}.Release|Any CPU.ActiveCfg = Release|Any CPU
		{7471C0A4-1421-4B93-B42D-F9BAA4F2EE80}.Release|Any CPU.Build.0 = Release|Any CPU
	EndGlobalSection
EndGlobal
